// !$*UTF8*$!
{
	archiveVersion = 1;
	classes = {
	};
	objectVersion = 46;
	objects = {

/* Begin PBXBuildFile section */
		2283EB71E938AECE334F8D5D /* libPods-KNBKitTests.a in Frameworks */ = {isa = PBXBuildFile; fileRef = 4552B77644A3C569AC6A21CB /* libPods-KNBKitTests.a */; };
		57D2B1BC1DBE018C00CF176D /* KNBBaseModel.m in Sources */ = {isa = PBXBuildFile; fileRef = 57D2B1B51DBE018C00CF176D /* KNBBaseModel.m */; };
		57D2B1BD1DBE018C00CF176D /* KNBBaseRequest.m in Sources */ = {isa = PBXBuildFile; fileRef = 57D2B1B71DBE018C00CF176D /* KNBBaseRequest.m */; };
		57D2B1BE1DBE018C00CF176D /* KNBBaseRequestAccessory.m in Sources */ = {isa = PBXBuildFile; fileRef = 57D2B1B91DBE018C00CF176D /* KNBBaseRequestAccessory.m */; };
		57D2B1BF1DBE018C00CF176D /* KNBBaseViewController.m in Sources */ = {isa = PBXBuildFile; fileRef = 57D2B1BB1DBE018C00CF176D /* KNBBaseViewController.m */; };
		57D2B1C61DBE026000CF176D /* KNBUserInfo.m in Sources */ = {isa = PBXBuildFile; fileRef = 57D2B1C51DBE026000CF176D /* KNBUserInfo.m */; };
		57D2B1D21DBE04CC00CF176D /* EXTRuntimeExtensions.m in Sources */ = {isa = PBXBuildFile; fileRef = 57D2B1CE1DBE04CC00CF176D /* EXTRuntimeExtensions.m */; };
		57D2B1D31DBE04CC00CF176D /* MTLManagedObjectAdapter.m in Sources */ = {isa = PBXBuildFile; fileRef = 57D2B1D11DBE04CC00CF176D /* MTLManagedObjectAdapter.m */; };
		57D2B2111DBE051C00CF176D /* NSDate+BTAddition.m in Sources */ = {isa = PBXBuildFile; fileRef = 57D2B1D71DBE051C00CF176D /* NSDate+BTAddition.m */; };
		57D2B2121DBE051C00CF176D /* NSString+Contain.m in Sources */ = {isa = PBXBuildFile; fileRef = 57D2B1DA1DBE051C00CF176D /* NSString+Contain.m */; };
		57D2B2131DBE051C00CF176D /* NSString+Empty.m in Sources */ = {isa = PBXBuildFile; fileRef = 57D2B1DC1DBE051C00CF176D /* NSString+Empty.m */; };
		57D2B2141DBE051C00CF176D /* NSString+MD5.m in Sources */ = {isa = PBXBuildFile; fileRef = 57D2B1DE1DBE051C00CF176D /* NSString+MD5.m */; };
		57D2B2151DBE051C00CF176D /* NSString+Size.m in Sources */ = {isa = PBXBuildFile; fileRef = 57D2B1E01DBE051C00CF176D /* NSString+Size.m */; };
		57D2B2161DBE051C00CF176D /* NSString+Trim.m in Sources */ = {isa = PBXBuildFile; fileRef = 57D2B1E21DBE051C00CF176D /* NSString+Trim.m */; };
		57D2B2171DBE051C00CF176D /* NSTimer+EOCBlocksSupport.m in Sources */ = {isa = PBXBuildFile; fileRef = 57D2B1E51DBE051C00CF176D /* NSTimer+EOCBlocksSupport.m */; };
		57D2B2181DBE051C00CF176D /* NSURL+Video.m in Sources */ = {isa = PBXBuildFile; fileRef = 57D2B1E81DBE051C00CF176D /* NSURL+Video.m */; };
		57D2B2191DBE051C00CF176D /* UIButton+ArrayButton.m in Sources */ = {isa = PBXBuildFile; fileRef = 57D2B1EB1DBE051C00CF176D /* UIButton+ArrayButton.m */; };
		57D2B21A1DBE051C00CF176D /* UIButton+CountDown.m in Sources */ = {isa = PBXBuildFile; fileRef = 57D2B1ED1DBE051C00CF176D /* UIButton+CountDown.m */; };
		57D2B21B1DBE051C00CF176D /* UIButton+Indicator.m in Sources */ = {isa = PBXBuildFile; fileRef = 57D2B1EF1DBE051C00CF176D /* UIButton+Indicator.m */; };
		57D2B21C1DBE051D00CF176D /* UIColor+Hex.m in Sources */ = {isa = PBXBuildFile; fileRef = 57D2B1F21DBE051C00CF176D /* UIColor+Hex.m */; };
		57D2B21D1DBE051D00CF176D /* UIColor+KNColor.m in Sources */ = {isa = PBXBuildFile; fileRef = 57D2B1F41DBE051C00CF176D /* UIColor+KNColor.m */; };
		57D2B21E1DBE051D00CF176D /* UIImage+Alpha.m in Sources */ = {isa = PBXBuildFile; fileRef = 57D2B1F71DBE051C00CF176D /* UIImage+Alpha.m */; };
		57D2B21F1DBE051D00CF176D /* UIImage+Resize.m in Sources */ = {isa = PBXBuildFile; fileRef = 57D2B1F91DBE051C00CF176D /* UIImage+Resize.m */; };
		57D2B2201DBE051D00CF176D /* UIImage+RoundedCorner.m in Sources */ = {isa = PBXBuildFile; fileRef = 57D2B1FB1DBE051C00CF176D /* UIImage+RoundedCorner.m */; };
		57D2B2211DBE051D00CF176D /* UIImage+VideoPreview.m in Sources */ = {isa = PBXBuildFile; fileRef = 57D2B1FD1DBE051C00CF176D /* UIImage+VideoPreview.m */; };
		57D2B2221DBE051D00CF176D /* UIImage+WaterMark.m in Sources */ = {isa = PBXBuildFile; fileRef = 57D2B1FF1DBE051C00CF176D /* UIImage+WaterMark.m */; };
		57D2B2231DBE051D00CF176D /* UIImageView+Addition.m in Sources */ = {isa = PBXBuildFile; fileRef = 57D2B2021DBE051C00CF176D /* UIImageView+Addition.m */; };
		57D2B2241DBE051D00CF176D /* UIImageView+FaceAwareFill.m in Sources */ = {isa = PBXBuildFile; fileRef = 57D2B2041DBE051C00CF176D /* UIImageView+FaceAwareFill.m */; };
		57D2B2251DBE051D00CF176D /* UILabel+AutoSize.m in Sources */ = {isa = PBXBuildFile; fileRef = 57D2B2071DBE051C00CF176D /* UILabel+AutoSize.m */; };
		57D2B2261DBE051D00CF176D /* UINavigationController+StackManager.m in Sources */ = {isa = PBXBuildFile; fileRef = 57D2B20A1DBE051C00CF176D /* UINavigationController+StackManager.m */; };
		57D2B2271DBE051D00CF176D /* UITextField+Shake.m in Sources */ = {isa = PBXBuildFile; fileRef = 57D2B20D1DBE051C00CF176D /* UITextField+Shake.m */; };
		57D2B2281DBE051D00CF176D /* UIView+Frame.m in Sources */ = {isa = PBXBuildFile; fileRef = 57D2B2101DBE051C00CF176D /* UIView+Frame.m */; };
		57E2A25C1DB5FB530029E35D /* main.m in Sources */ = {isa = PBXBuildFile; fileRef = 57E2A25B1DB5FB530029E35D /* main.m */; };
		57E2A25F1DB5FB530029E35D /* AppDelegate.m in Sources */ = {isa = PBXBuildFile; fileRef = 57E2A25E1DB5FB530029E35D /* AppDelegate.m */; };
		57E2A2621DB5FB530029E35D /* ViewController.m in Sources */ = {isa = PBXBuildFile; fileRef = 57E2A2611DB5FB530029E35D /* ViewController.m */; };
		57E2A2651DB5FB530029E35D /* Main.storyboard in Resources */ = {isa = PBXBuildFile; fileRef = 57E2A2631DB5FB530029E35D /* Main.storyboard */; };
		57E2A2681DB5FB530029E35D /* KNBKit.xcdatamodeld in Sources */ = {isa = PBXBuildFile; fileRef = 57E2A2661DB5FB530029E35D /* KNBKit.xcdatamodeld */; };
		57E2A26A1DB5FB530029E35D /* Assets.xcassets in Resources */ = {isa = PBXBuildFile; fileRef = 57E2A2691DB5FB530029E35D /* Assets.xcassets */; };
		57E2A26D1DB5FB530029E35D /* LaunchScreen.storyboard in Resources */ = {isa = PBXBuildFile; fileRef = 57E2A26B1DB5FB530029E35D /* LaunchScreen.storyboard */; };
		57E2A2781DB5FB540029E35D /* KNBKitTests.m in Sources */ = {isa = PBXBuildFile; fileRef = 57E2A2771DB5FB540029E35D /* KNBKitTests.m */; };
		E793742C73057987CE5AB8F4 /* libPods-KNBKit.a in Frameworks */ = {isa = PBXBuildFile; fileRef = 79F1EF956CC0027794AF1CB9 /* libPods-KNBKit.a */; };
/* End PBXBuildFile section */

/* Begin PBXContainerItemProxy section */
		57E2A2741DB5FB540029E35D /* PBXContainerItemProxy */ = {
			isa = PBXContainerItemProxy;
			containerPortal = 57E2A24F1DB5FB530029E35D /* Project object */;
			proxyType = 1;
			remoteGlobalIDString = 57E2A2561DB5FB530029E35D;
			remoteInfo = KNBKit;
		};
/* End PBXContainerItemProxy section */

/* Begin PBXFileReference section */
		258FB59817FED034020B83E0 /* Pods-KNBKitTests.release.xcconfig */ = {isa = PBXFileReference; includeInIndex = 1; lastKnownFileType = text.xcconfig; name = "Pods-KNBKitTests.release.xcconfig"; path = "Pods/Target Support Files/Pods-KNBKitTests/Pods-KNBKitTests.release.xcconfig"; sourceTree = "<group>"; };
		2E7CC231C914798DF9EBE674 /* Pods-KNBKit.release.xcconfig */ = {isa = PBXFileReference; includeInIndex = 1; lastKnownFileType = text.xcconfig; name = "Pods-KNBKit.release.xcconfig"; path = "Pods/Target Support Files/Pods-KNBKit/Pods-KNBKit.release.xcconfig"; sourceTree = "<group>"; };
		2E808D3838F1F8C20FF8B957 /* Pods-KNBKit.debug.xcconfig */ = {isa = PBXFileReference; includeInIndex = 1; lastKnownFileType = text.xcconfig; name = "Pods-KNBKit.debug.xcconfig"; path = "Pods/Target Support Files/Pods-KNBKit/Pods-KNBKit.debug.xcconfig"; sourceTree = "<group>"; };
		4552B77644A3C569AC6A21CB /* libPods-KNBKitTests.a */ = {isa = PBXFileReference; explicitFileType = archive.ar; includeInIndex = 0; path = "libPods-KNBKitTests.a"; sourceTree = BUILT_PRODUCTS_DIR; };
		57D2B1B41DBE018C00CF176D /* KNBBaseModel.h */ = {isa = PBXFileReference; fileEncoding = 4; lastKnownFileType = sourcecode.c.h; name = KNBBaseModel.h; path = Source/KNBBase/KNBBaseModel.h; sourceTree = "<group>"; };
		57D2B1B51DBE018C00CF176D /* KNBBaseModel.m */ = {isa = PBXFileReference; fileEncoding = 4; lastKnownFileType = sourcecode.c.objc; name = KNBBaseModel.m; path = Source/KNBBase/KNBBaseModel.m; sourceTree = "<group>"; };
		57D2B1B61DBE018C00CF176D /* KNBBaseRequest.h */ = {isa = PBXFileReference; fileEncoding = 4; lastKnownFileType = sourcecode.c.h; name = KNBBaseRequest.h; path = Source/KNBBase/KNBBaseRequest.h; sourceTree = "<group>"; };
		57D2B1B71DBE018C00CF176D /* KNBBaseRequest.m */ = {isa = PBXFileReference; fileEncoding = 4; lastKnownFileType = sourcecode.c.objc; name = KNBBaseRequest.m; path = Source/KNBBase/KNBBaseRequest.m; sourceTree = "<group>"; };
		57D2B1B81DBE018C00CF176D /* KNBBaseRequestAccessory.h */ = {isa = PBXFileReference; fileEncoding = 4; lastKnownFileType = sourcecode.c.h; name = KNBBaseRequestAccessory.h; path = Source/KNBBase/KNBBaseRequestAccessory.h; sourceTree = "<group>"; };
		57D2B1B91DBE018C00CF176D /* KNBBaseRequestAccessory.m */ = {isa = PBXFileReference; fileEncoding = 4; lastKnownFileType = sourcecode.c.objc; name = KNBBaseRequestAccessory.m; path = Source/KNBBase/KNBBaseRequestAccessory.m; sourceTree = "<group>"; };
		57D2B1BA1DBE018C00CF176D /* KNBBaseViewController.h */ = {isa = PBXFileReference; fileEncoding = 4; lastKnownFileType = sourcecode.c.h; name = KNBBaseViewController.h; path = Source/KNBBase/KNBBaseViewController.h; sourceTree = "<group>"; };
		57D2B1BB1DBE018C00CF176D /* KNBBaseViewController.m */ = {isa = PBXFileReference; fileEncoding = 4; lastKnownFileType = sourcecode.c.objc; name = KNBBaseViewController.m; path = Source/KNBBase/KNBBaseViewController.m; sourceTree = "<group>"; };
		57D2B1C41DBE026000CF176D /* KNBUserInfo.h */ = {isa = PBXFileReference; fileEncoding = 4; lastKnownFileType = sourcecode.c.h; name = KNBUserInfo.h; path = KNBKit/Source/KNBUserInfo/KNBUserInfo.h; sourceTree = "<group>"; };
		57D2B1C51DBE026000CF176D /* KNBUserInfo.m */ = {isa = PBXFileReference; fileEncoding = 4; lastKnownFileType = sourcecode.c.objc; name = KNBUserInfo.m; path = KNBKit/Source/KNBUserInfo/KNBUserInfo.m; sourceTree = "<group>"; };
		57D2B1C71DBE035200CF176D /* KNBPrecompile.h */ = {isa = PBXFileReference; fileEncoding = 4; lastKnownFileType = sourcecode.c.h; name = KNBPrecompile.h; path = Source/KNBPrecompile.h; sourceTree = "<group>"; };
		57D2B1C81DBE035200CF176D /* KNBUtilExtend.h */ = {isa = PBXFileReference; fileEncoding = 4; lastKnownFileType = sourcecode.c.h; name = KNBUtilExtend.h; path = Source/KNBUtilExtend.h; sourceTree = "<group>"; };
		57D2B1C91DBE038F00CF176D /* KNBKit.pch */ = {isa = PBXFileReference; lastKnownFileType = sourcecode.c.h; path = KNBKit.pch; sourceTree = "<group>"; };
		57D2B1CC1DBE04CC00CF176D /* EXTKeyPathCoding.h */ = {isa = PBXFileReference; fileEncoding = 4; lastKnownFileType = sourcecode.c.h; path = EXTKeyPathCoding.h; sourceTree = "<group>"; };
		57D2B1CD1DBE04CC00CF176D /* EXTRuntimeExtensions.h */ = {isa = PBXFileReference; fileEncoding = 4; lastKnownFileType = sourcecode.c.h; path = EXTRuntimeExtensions.h; sourceTree = "<group>"; };
		57D2B1CE1DBE04CC00CF176D /* EXTRuntimeExtensions.m */ = {isa = PBXFileReference; fileEncoding = 4; lastKnownFileType = sourcecode.c.objc; path = EXTRuntimeExtensions.m; sourceTree = "<group>"; };
		57D2B1CF1DBE04CC00CF176D /* metamacros.h */ = {isa = PBXFileReference; fileEncoding = 4; lastKnownFileType = sourcecode.c.h; path = metamacros.h; sourceTree = "<group>"; };
		57D2B1D01DBE04CC00CF176D /* MTLManagedObjectAdapter.h */ = {isa = PBXFileReference; fileEncoding = 4; lastKnownFileType = sourcecode.c.h; name = MTLManagedObjectAdapter.h; path = Source/MTLManagedObjectAdapter/MTLManagedObjectAdapter.h; sourceTree = "<group>"; };
		57D2B1D11DBE04CC00CF176D /* MTLManagedObjectAdapter.m */ = {isa = PBXFileReference; fileEncoding = 4; lastKnownFileType = sourcecode.c.objc; name = MTLManagedObjectAdapter.m; path = Source/MTLManagedObjectAdapter/MTLManagedObjectAdapter.m; sourceTree = "<group>"; };
		57D2B1D61DBE051C00CF176D /* NSDate+BTAddition.h */ = {isa = PBXFileReference; fileEncoding = 4; lastKnownFileType = sourcecode.c.h; path = "NSDate+BTAddition.h"; sourceTree = "<group>"; };
		57D2B1D71DBE051C00CF176D /* NSDate+BTAddition.m */ = {isa = PBXFileReference; fileEncoding = 4; lastKnownFileType = sourcecode.c.objc; path = "NSDate+BTAddition.m"; sourceTree = "<group>"; };
		57D2B1D91DBE051C00CF176D /* NSString+Contain.h */ = {isa = PBXFileReference; fileEncoding = 4; lastKnownFileType = sourcecode.c.h; path = "NSString+Contain.h"; sourceTree = "<group>"; };
		57D2B1DA1DBE051C00CF176D /* NSString+Contain.m */ = {isa = PBXFileReference; fileEncoding = 4; lastKnownFileType = sourcecode.c.objc; path = "NSString+Contain.m"; sourceTree = "<group>"; };
		57D2B1DB1DBE051C00CF176D /* NSString+Empty.h */ = {isa = PBXFileReference; fileEncoding = 4; lastKnownFileType = sourcecode.c.h; path = "NSString+Empty.h"; sourceTree = "<group>"; };
		57D2B1DC1DBE051C00CF176D /* NSString+Empty.m */ = {isa = PBXFileReference; fileEncoding = 4; lastKnownFileType = sourcecode.c.objc; path = "NSString+Empty.m"; sourceTree = "<group>"; };
		57D2B1DD1DBE051C00CF176D /* NSString+MD5.h */ = {isa = PBXFileReference; fileEncoding = 4; lastKnownFileType = sourcecode.c.h; path = "NSString+MD5.h"; sourceTree = "<group>"; };
		57D2B1DE1DBE051C00CF176D /* NSString+MD5.m */ = {isa = PBXFileReference; fileEncoding = 4; lastKnownFileType = sourcecode.c.objc; path = "NSString+MD5.m"; sourceTree = "<group>"; };
		57D2B1DF1DBE051C00CF176D /* NSString+Size.h */ = {isa = PBXFileReference; fileEncoding = 4; lastKnownFileType = sourcecode.c.h; path = "NSString+Size.h"; sourceTree = "<group>"; };
		57D2B1E01DBE051C00CF176D /* NSString+Size.m */ = {isa = PBXFileReference; fileEncoding = 4; lastKnownFileType = sourcecode.c.objc; path = "NSString+Size.m"; sourceTree = "<group>"; };
		57D2B1E11DBE051C00CF176D /* NSString+Trim.h */ = {isa = PBXFileReference; fileEncoding = 4; lastKnownFileType = sourcecode.c.h; path = "NSString+Trim.h"; sourceTree = "<group>"; };
		57D2B1E21DBE051C00CF176D /* NSString+Trim.m */ = {isa = PBXFileReference; fileEncoding = 4; lastKnownFileType = sourcecode.c.objc; path = "NSString+Trim.m"; sourceTree = "<group>"; };
		57D2B1E41DBE051C00CF176D /* NSTimer+EOCBlocksSupport.h */ = {isa = PBXFileReference; fileEncoding = 4; lastKnownFileType = sourcecode.c.h; path = "NSTimer+EOCBlocksSupport.h"; sourceTree = "<group>"; };
		57D2B1E51DBE051C00CF176D /* NSTimer+EOCBlocksSupport.m */ = {isa = PBXFileReference; fileEncoding = 4; lastKnownFileType = sourcecode.c.objc; path = "NSTimer+EOCBlocksSupport.m"; sourceTree = "<group>"; };
		57D2B1E71DBE051C00CF176D /* NSURL+Video.h */ = {isa = PBXFileReference; fileEncoding = 4; lastKnownFileType = sourcecode.c.h; path = "NSURL+Video.h"; sourceTree = "<group>"; };
		57D2B1E81DBE051C00CF176D /* NSURL+Video.m */ = {isa = PBXFileReference; fileEncoding = 4; lastKnownFileType = sourcecode.c.objc; path = "NSURL+Video.m"; sourceTree = "<group>"; };
		57D2B1EA1DBE051C00CF176D /* UIButton+ArrayButton.h */ = {isa = PBXFileReference; fileEncoding = 4; lastKnownFileType = sourcecode.c.h; path = "UIButton+ArrayButton.h"; sourceTree = "<group>"; };
		57D2B1EB1DBE051C00CF176D /* UIButton+ArrayButton.m */ = {isa = PBXFileReference; fileEncoding = 4; lastKnownFileType = sourcecode.c.objc; path = "UIButton+ArrayButton.m"; sourceTree = "<group>"; };
		57D2B1EC1DBE051C00CF176D /* UIButton+CountDown.h */ = {isa = PBXFileReference; fileEncoding = 4; lastKnownFileType = sourcecode.c.h; path = "UIButton+CountDown.h"; sourceTree = "<group>"; };
		57D2B1ED1DBE051C00CF176D /* UIButton+CountDown.m */ = {isa = PBXFileReference; fileEncoding = 4; lastKnownFileType = sourcecode.c.objc; path = "UIButton+CountDown.m"; sourceTree = "<group>"; };
		57D2B1EE1DBE051C00CF176D /* UIButton+Indicator.h */ = {isa = PBXFileReference; fileEncoding = 4; lastKnownFileType = sourcecode.c.h; path = "UIButton+Indicator.h"; sourceTree = "<group>"; };
		57D2B1EF1DBE051C00CF176D /* UIButton+Indicator.m */ = {isa = PBXFileReference; fileEncoding = 4; lastKnownFileType = sourcecode.c.objc; path = "UIButton+Indicator.m"; sourceTree = "<group>"; };
		57D2B1F11DBE051C00CF176D /* UIColor+Hex.h */ = {isa = PBXFileReference; fileEncoding = 4; lastKnownFileType = sourcecode.c.h; path = "UIColor+Hex.h"; sourceTree = "<group>"; };
		57D2B1F21DBE051C00CF176D /* UIColor+Hex.m */ = {isa = PBXFileReference; fileEncoding = 4; lastKnownFileType = sourcecode.c.objc; path = "UIColor+Hex.m"; sourceTree = "<group>"; };
		57D2B1F31DBE051C00CF176D /* UIColor+KNColor.h */ = {isa = PBXFileReference; fileEncoding = 4; lastKnownFileType = sourcecode.c.h; path = "UIColor+KNColor.h"; sourceTree = "<group>"; };
		57D2B1F41DBE051C00CF176D /* UIColor+KNColor.m */ = {isa = PBXFileReference; fileEncoding = 4; lastKnownFileType = sourcecode.c.objc; path = "UIColor+KNColor.m"; sourceTree = "<group>"; };
		57D2B1F61DBE051C00CF176D /* UIImage+Alpha.h */ = {isa = PBXFileReference; fileEncoding = 4; lastKnownFileType = sourcecode.c.h; path = "UIImage+Alpha.h"; sourceTree = "<group>"; };
		57D2B1F71DBE051C00CF176D /* UIImage+Alpha.m */ = {isa = PBXFileReference; fileEncoding = 4; lastKnownFileType = sourcecode.c.objc; path = "UIImage+Alpha.m"; sourceTree = "<group>"; };
		57D2B1F81DBE051C00CF176D /* UIImage+Resize.h */ = {isa = PBXFileReference; fileEncoding = 4; lastKnownFileType = sourcecode.c.h; path = "UIImage+Resize.h"; sourceTree = "<group>"; };
		57D2B1F91DBE051C00CF176D /* UIImage+Resize.m */ = {isa = PBXFileReference; fileEncoding = 4; lastKnownFileType = sourcecode.c.objc; path = "UIImage+Resize.m"; sourceTree = "<group>"; };
		57D2B1FA1DBE051C00CF176D /* UIImage+RoundedCorner.h */ = {isa = PBXFileReference; fileEncoding = 4; lastKnownFileType = sourcecode.c.h; path = "UIImage+RoundedCorner.h"; sourceTree = "<group>"; };
		57D2B1FB1DBE051C00CF176D /* UIImage+RoundedCorner.m */ = {isa = PBXFileReference; fileEncoding = 4; lastKnownFileType = sourcecode.c.objc; path = "UIImage+RoundedCorner.m"; sourceTree = "<group>"; };
		57D2B1FC1DBE051C00CF176D /* UIImage+VideoPreview.h */ = {isa = PBXFileReference; fileEncoding = 4; lastKnownFileType = sourcecode.c.h; path = "UIImage+VideoPreview.h"; sourceTree = "<group>"; };
		57D2B1FD1DBE051C00CF176D /* UIImage+VideoPreview.m */ = {isa = PBXFileReference; fileEncoding = 4; lastKnownFileType = sourcecode.c.objc; path = "UIImage+VideoPreview.m"; sourceTree = "<group>"; };
		57D2B1FE1DBE051C00CF176D /* UIImage+WaterMark.h */ = {isa = PBXFileReference; fileEncoding = 4; lastKnownFileType = sourcecode.c.h; path = "UIImage+WaterMark.h"; sourceTree = "<group>"; };
		57D2B1FF1DBE051C00CF176D /* UIImage+WaterMark.m */ = {isa = PBXFileReference; fileEncoding = 4; lastKnownFileType = sourcecode.c.objc; path = "UIImage+WaterMark.m"; sourceTree = "<group>"; };
		57D2B2011DBE051C00CF176D /* UIImageView+Addition.h */ = {isa = PBXFileReference; fileEncoding = 4; lastKnownFileType = sourcecode.c.h; path = "UIImageView+Addition.h"; sourceTree = "<group>"; };
		57D2B2021DBE051C00CF176D /* UIImageView+Addition.m */ = {isa = PBXFileReference; fileEncoding = 4; lastKnownFileType = sourcecode.c.objc; path = "UIImageView+Addition.m"; sourceTree = "<group>"; };
		57D2B2031DBE051C00CF176D /* UIImageView+FaceAwareFill.h */ = {isa = PBXFileReference; fileEncoding = 4; lastKnownFileType = sourcecode.c.h; path = "UIImageView+FaceAwareFill.h"; sourceTree = "<group>"; };
		57D2B2041DBE051C00CF176D /* UIImageView+FaceAwareFill.m */ = {isa = PBXFileReference; fileEncoding = 4; lastKnownFileType = sourcecode.c.objc; path = "UIImageView+FaceAwareFill.m"; sourceTree = "<group>"; };
		57D2B2061DBE051C00CF176D /* UILabel+AutoSize.h */ = {isa = PBXFileReference; fileEncoding = 4; lastKnownFileType = sourcecode.c.h; path = "UILabel+AutoSize.h"; sourceTree = "<group>"; };
		57D2B2071DBE051C00CF176D /* UILabel+AutoSize.m */ = {isa = PBXFileReference; fileEncoding = 4; lastKnownFileType = sourcecode.c.objc; path = "UILabel+AutoSize.m"; sourceTree = "<group>"; };
		57D2B2091DBE051C00CF176D /* UINavigationController+StackManager.h */ = {isa = PBXFileReference; fileEncoding = 4; lastKnownFileType = sourcecode.c.h; path = "UINavigationController+StackManager.h"; sourceTree = "<group>"; };
		57D2B20A1DBE051C00CF176D /* UINavigationController+StackManager.m */ = {isa = PBXFileReference; fileEncoding = 4; lastKnownFileType = sourcecode.c.objc; path = "UINavigationController+StackManager.m"; sourceTree = "<group>"; };
		57D2B20C1DBE051C00CF176D /* UITextField+Shake.h */ = {isa = PBXFileReference; fileEncoding = 4; lastKnownFileType = sourcecode.c.h; path = "UITextField+Shake.h"; sourceTree = "<group>"; };
		57D2B20D1DBE051C00CF176D /* UITextField+Shake.m */ = {isa = PBXFileReference; fileEncoding = 4; lastKnownFileType = sourcecode.c.objc; path = "UITextField+Shake.m"; sourceTree = "<group>"; };
		57D2B20F1DBE051C00CF176D /* UIView+Frame.h */ = {isa = PBXFileReference; fileEncoding = 4; lastKnownFileType = sourcecode.c.h; path = "UIView+Frame.h"; sourceTree = "<group>"; };
		57D2B2101DBE051C00CF176D /* UIView+Frame.m */ = {isa = PBXFileReference; fileEncoding = 4; lastKnownFileType = sourcecode.c.objc; path = "UIView+Frame.m"; sourceTree = "<group>"; };
		57E2A2571DB5FB530029E35D /* KNBKit.app */ = {isa = PBXFileReference; explicitFileType = wrapper.application; includeInIndex = 0; path = KNBKit.app; sourceTree = BUILT_PRODUCTS_DIR; };
		57E2A25B1DB5FB530029E35D /* main.m */ = {isa = PBXFileReference; lastKnownFileType = sourcecode.c.objc; path = main.m; sourceTree = "<group>"; };
		57E2A25D1DB5FB530029E35D /* AppDelegate.h */ = {isa = PBXFileReference; lastKnownFileType = sourcecode.c.h; path = AppDelegate.h; sourceTree = "<group>"; };
		57E2A25E1DB5FB530029E35D /* AppDelegate.m */ = {isa = PBXFileReference; lastKnownFileType = sourcecode.c.objc; path = AppDelegate.m; sourceTree = "<group>"; };
		57E2A2601DB5FB530029E35D /* ViewController.h */ = {isa = PBXFileReference; lastKnownFileType = sourcecode.c.h; path = ViewController.h; sourceTree = "<group>"; };
		57E2A2611DB5FB530029E35D /* ViewController.m */ = {isa = PBXFileReference; lastKnownFileType = sourcecode.c.objc; path = ViewController.m; sourceTree = "<group>"; };
		57E2A2641DB5FB530029E35D /* Base */ = {isa = PBXFileReference; lastKnownFileType = file.storyboard; name = Base; path = Base.lproj/Main.storyboard; sourceTree = "<group>"; };
		57E2A2671DB5FB530029E35D /* KNBKit.xcdatamodel */ = {isa = PBXFileReference; lastKnownFileType = wrapper.xcdatamodel; path = KNBKit.xcdatamodel; sourceTree = "<group>"; };
		57E2A2691DB5FB530029E35D /* Assets.xcassets */ = {isa = PBXFileReference; lastKnownFileType = folder.assetcatalog; path = Assets.xcassets; sourceTree = "<group>"; };
		57E2A26C1DB5FB530029E35D /* Base */ = {isa = PBXFileReference; lastKnownFileType = file.storyboard; name = Base; path = Base.lproj/LaunchScreen.storyboard; sourceTree = "<group>"; };
		57E2A26E1DB5FB530029E35D /* Info.plist */ = {isa = PBXFileReference; lastKnownFileType = text.plist.xml; path = Info.plist; sourceTree = "<group>"; };
		57E2A2731DB5FB530029E35D /* KNBKitTests.xctest */ = {isa = PBXFileReference; explicitFileType = wrapper.cfbundle; includeInIndex = 0; path = KNBKitTests.xctest; sourceTree = BUILT_PRODUCTS_DIR; };
		57E2A2771DB5FB540029E35D /* KNBKitTests.m */ = {isa = PBXFileReference; lastKnownFileType = sourcecode.c.objc; path = KNBKitTests.m; sourceTree = "<group>"; };
		57E2A2791DB5FB540029E35D /* Info.plist */ = {isa = PBXFileReference; lastKnownFileType = text.plist.xml; path = Info.plist; sourceTree = "<group>"; };
		79F1EF956CC0027794AF1CB9 /* libPods-KNBKit.a */ = {isa = PBXFileReference; explicitFileType = archive.ar; includeInIndex = 0; path = "libPods-KNBKit.a"; sourceTree = BUILT_PRODUCTS_DIR; };
		C406A4C7328AAB552B9FD43E /* Pods-KNBKitTests.debug.xcconfig */ = {isa = PBXFileReference; includeInIndex = 1; lastKnownFileType = text.xcconfig; name = "Pods-KNBKitTests.debug.xcconfig"; path = "Pods/Target Support Files/Pods-KNBKitTests/Pods-KNBKitTests.debug.xcconfig"; sourceTree = "<group>"; };
/* End PBXFileReference section */

/* Begin PBXFrameworksBuildPhase section */
		57E2A2541DB5FB530029E35D /* Frameworks */ = {
			isa = PBXFrameworksBuildPhase;
			buildActionMask = 2147483647;
			files = (
				E793742C73057987CE5AB8F4 /* libPods-KNBKit.a in Frameworks */,
			);
			runOnlyForDeploymentPostprocessing = 0;
		};
		57E2A2701DB5FB530029E35D /* Frameworks */ = {
			isa = PBXFrameworksBuildPhase;
			buildActionMask = 2147483647;
			files = (
				2283EB71E938AECE334F8D5D /* libPods-KNBKitTests.a in Frameworks */,
			);
			runOnlyForDeploymentPostprocessing = 0;
		};
/* End PBXFrameworksBuildPhase section */

/* Begin PBXGroup section */
		2225020BF0251ABDE4D349D0 /* Pods */ = {
			isa = PBXGroup;
			children = (
				2E808D3838F1F8C20FF8B957 /* Pods-KNBKit.debug.xcconfig */,
				2E7CC231C914798DF9EBE674 /* Pods-KNBKit.release.xcconfig */,
				C406A4C7328AAB552B9FD43E /* Pods-KNBKitTests.debug.xcconfig */,
				258FB59817FED034020B83E0 /* Pods-KNBKitTests.release.xcconfig */,
			);
			name = Pods;
			sourceTree = "<group>";
		};
		57D2B1B21DBE017A00CF176D /* Source */ = {
			isa = PBXGroup;
			children = (
				57D2B1D41DBE04E500CF176D /* Category */,
				57D2B1C71DBE035200CF176D /* KNBPrecompile.h */,
				57D2B1C81DBE035200CF176D /* KNBUtilExtend.h */,
				57D2B1CA1DBE04C300CF176D /* MTLManagedObjectAdapter */,
				57D2B1C01DBE01AB00CF176D /* KNBUserInfo */,
				57D2B1B31DBE018000CF176D /* KNBBase */,
			);
			name = Source;
			sourceTree = "<group>";
		};
		57D2B1B31DBE018000CF176D /* KNBBase */ = {
			isa = PBXGroup;
			children = (
				57D2B1B41DBE018C00CF176D /* KNBBaseModel.h */,
				57D2B1B51DBE018C00CF176D /* KNBBaseModel.m */,
				57D2B1B61DBE018C00CF176D /* KNBBaseRequest.h */,
				57D2B1B71DBE018C00CF176D /* KNBBaseRequest.m */,
				57D2B1B81DBE018C00CF176D /* KNBBaseRequestAccessory.h */,
				57D2B1B91DBE018C00CF176D /* KNBBaseRequestAccessory.m */,
				57D2B1BA1DBE018C00CF176D /* KNBBaseViewController.h */,
				57D2B1BB1DBE018C00CF176D /* KNBBaseViewController.m */,
			);
			name = KNBBase;
			sourceTree = "<group>";
		};
		57D2B1C01DBE01AB00CF176D /* KNBUserInfo */ = {
			isa = PBXGroup;
			children = (
				57D2B1C41DBE026000CF176D /* KNBUserInfo.h */,
				57D2B1C51DBE026000CF176D /* KNBUserInfo.m */,
			);
			name = KNBUserInfo;
			path = ..;
			sourceTree = "<group>";
		};
		57D2B1CA1DBE04C300CF176D /* MTLManagedObjectAdapter */ = {
			isa = PBXGroup;
			children = (
				57D2B1CB1DBE04CC00CF176D /* extobjc */,
				57D2B1D01DBE04CC00CF176D /* MTLManagedObjectAdapter.h */,
				57D2B1D11DBE04CC00CF176D /* MTLManagedObjectAdapter.m */,
			);
			name = MTLManagedObjectAdapter;
			sourceTree = "<group>";
		};
		57D2B1CB1DBE04CC00CF176D /* extobjc */ = {
			isa = PBXGroup;
			children = (
				57D2B1CC1DBE04CC00CF176D /* EXTKeyPathCoding.h */,
				57D2B1CD1DBE04CC00CF176D /* EXTRuntimeExtensions.h */,
				57D2B1CE1DBE04CC00CF176D /* EXTRuntimeExtensions.m */,
				57D2B1CF1DBE04CC00CF176D /* metamacros.h */,
			);
			name = extobjc;
			path = Source/MTLManagedObjectAdapter/extobjc;
			sourceTree = "<group>";
		};
		57D2B1D41DBE04E500CF176D /* Category */ = {
			isa = PBXGroup;
			children = (
				57D2B1D51DBE051C00CF176D /* NSDate */,
				57D2B1D81DBE051C00CF176D /* NSString */,
				57D2B1E31DBE051C00CF176D /* NSTimer */,
				57D2B1E61DBE051C00CF176D /* NSUrl */,
				57D2B1E91DBE051C00CF176D /* UIButton */,
				57D2B1F01DBE051C00CF176D /* UIColor */,
				57D2B1F51DBE051C00CF176D /* UIImage */,
				57D2B2001DBE051C00CF176D /* UIImageView */,
				57D2B2051DBE051C00CF176D /* UILabel */,
				57D2B2081DBE051C00CF176D /* UINavigationController */,
				57D2B20B1DBE051C00CF176D /* UITextField */,
				57D2B20E1DBE051C00CF176D /* UIView */,
			);
			name = Category;
			sourceTree = "<group>";
		};
		57D2B1D51DBE051C00CF176D /* NSDate */ = {
			isa = PBXGroup;
			children = (
				57D2B1D61DBE051C00CF176D /* NSDate+BTAddition.h */,
				57D2B1D71DBE051C00CF176D /* NSDate+BTAddition.m */,
			);
			name = NSDate;
			path = Source/Category/NSDate;
			sourceTree = "<group>";
		};
		57D2B1D81DBE051C00CF176D /* NSString */ = {
			isa = PBXGroup;
			children = (
				57D2B1D91DBE051C00CF176D /* NSString+Contain.h */,
				57D2B1DA1DBE051C00CF176D /* NSString+Contain.m */,
				57D2B1DB1DBE051C00CF176D /* NSString+Empty.h */,
				57D2B1DC1DBE051C00CF176D /* NSString+Empty.m */,
				57D2B1DD1DBE051C00CF176D /* NSString+MD5.h */,
				57D2B1DE1DBE051C00CF176D /* NSString+MD5.m */,
				57D2B1DF1DBE051C00CF176D /* NSString+Size.h */,
				57D2B1E01DBE051C00CF176D /* NSString+Size.m */,
				57D2B1E11DBE051C00CF176D /* NSString+Trim.h */,
				57D2B1E21DBE051C00CF176D /* NSString+Trim.m */,
			);
			name = NSString;
			path = Source/Category/NSString;
			sourceTree = "<group>";
		};
		57D2B1E31DBE051C00CF176D /* NSTimer */ = {
			isa = PBXGroup;
			children = (
				57D2B1E41DBE051C00CF176D /* NSTimer+EOCBlocksSupport.h */,
				57D2B1E51DBE051C00CF176D /* NSTimer+EOCBlocksSupport.m */,
			);
			name = NSTimer;
			path = Source/Category/NSTimer;
			sourceTree = "<group>";
		};
		57D2B1E61DBE051C00CF176D /* NSUrl */ = {
			isa = PBXGroup;
			children = (
				57D2B1E71DBE051C00CF176D /* NSURL+Video.h */,
				57D2B1E81DBE051C00CF176D /* NSURL+Video.m */,
			);
			name = NSUrl;
			path = Source/Category/NSUrl;
			sourceTree = "<group>";
		};
		57D2B1E91DBE051C00CF176D /* UIButton */ = {
			isa = PBXGroup;
			children = (
				57D2B1EA1DBE051C00CF176D /* UIButton+ArrayButton.h */,
				57D2B1EB1DBE051C00CF176D /* UIButton+ArrayButton.m */,
				57D2B1EC1DBE051C00CF176D /* UIButton+CountDown.h */,
				57D2B1ED1DBE051C00CF176D /* UIButton+CountDown.m */,
				57D2B1EE1DBE051C00CF176D /* UIButton+Indicator.h */,
				57D2B1EF1DBE051C00CF176D /* UIButton+Indicator.m */,
			);
			name = UIButton;
			path = Source/Category/UIButton;
			sourceTree = "<group>";
		};
		57D2B1F01DBE051C00CF176D /* UIColor */ = {
			isa = PBXGroup;
			children = (
				57D2B1F11DBE051C00CF176D /* UIColor+Hex.h */,
				57D2B1F21DBE051C00CF176D /* UIColor+Hex.m */,
				57D2B1F31DBE051C00CF176D /* UIColor+KNColor.h */,
				57D2B1F41DBE051C00CF176D /* UIColor+KNColor.m */,
			);
			name = UIColor;
			path = Source/Category/UIColor;
			sourceTree = "<group>";
		};
		57D2B1F51DBE051C00CF176D /* UIImage */ = {
			isa = PBXGroup;
			children = (
				57D2B1F61DBE051C00CF176D /* UIImage+Alpha.h */,
				57D2B1F71DBE051C00CF176D /* UIImage+Alpha.m */,
				57D2B1F81DBE051C00CF176D /* UIImage+Resize.h */,
				57D2B1F91DBE051C00CF176D /* UIImage+Resize.m */,
				57D2B1FA1DBE051C00CF176D /* UIImage+RoundedCorner.h */,
				57D2B1FB1DBE051C00CF176D /* UIImage+RoundedCorner.m */,
				57D2B1FC1DBE051C00CF176D /* UIImage+VideoPreview.h */,
				57D2B1FD1DBE051C00CF176D /* UIImage+VideoPreview.m */,
				57D2B1FE1DBE051C00CF176D /* UIImage+WaterMark.h */,
				57D2B1FF1DBE051C00CF176D /* UIImage+WaterMark.m */,
			);
			name = UIImage;
			path = Source/Category/UIImage;
			sourceTree = "<group>";
		};
		57D2B2001DBE051C00CF176D /* UIImageView */ = {
			isa = PBXGroup;
			children = (
				57D2B2011DBE051C00CF176D /* UIImageView+Addition.h */,
				57D2B2021DBE051C00CF176D /* UIImageView+Addition.m */,
				57D2B2031DBE051C00CF176D /* UIImageView+FaceAwareFill.h */,
				57D2B2041DBE051C00CF176D /* UIImageView+FaceAwareFill.m */,
			);
			name = UIImageView;
			path = Source/Category/UIImageView;
			sourceTree = "<group>";
		};
		57D2B2051DBE051C00CF176D /* UILabel */ = {
			isa = PBXGroup;
			children = (
				57D2B2061DBE051C00CF176D /* UILabel+AutoSize.h */,
				57D2B2071DBE051C00CF176D /* UILabel+AutoSize.m */,
			);
			name = UILabel;
			path = Source/Category/UILabel;
			sourceTree = "<group>";
		};
		57D2B2081DBE051C00CF176D /* UINavigationController */ = {
			isa = PBXGroup;
			children = (
				57D2B2091DBE051C00CF176D /* UINavigationController+StackManager.h */,
				57D2B20A1DBE051C00CF176D /* UINavigationController+StackManager.m */,
			);
			name = UINavigationController;
			path = Source/Category/UINavigationController;
			sourceTree = "<group>";
		};
		57D2B20B1DBE051C00CF176D /* UITextField */ = {
			isa = PBXGroup;
			children = (
				57D2B20C1DBE051C00CF176D /* UITextField+Shake.h */,
				57D2B20D1DBE051C00CF176D /* UITextField+Shake.m */,
			);
			name = UITextField;
			path = Source/Category/UITextField;
			sourceTree = "<group>";
		};
		57D2B20E1DBE051C00CF176D /* UIView */ = {
			isa = PBXGroup;
			children = (
				57D2B20F1DBE051C00CF176D /* UIView+Frame.h */,
				57D2B2101DBE051C00CF176D /* UIView+Frame.m */,
			);
			name = UIView;
			path = Source/Category/UIView;
			sourceTree = "<group>";
		};
		57E2A24E1DB5FB530029E35D = {
			isa = PBXGroup;
			children = (
				57E2A2591DB5FB530029E35D /* KNBKit */,
				57E2A2761DB5FB540029E35D /* KNBKitTests */,
				57E2A2581DB5FB530029E35D /* Products */,
				2225020BF0251ABDE4D349D0 /* Pods */,
				BD1E891D670058756852FD5B /* Frameworks */,
			);
			sourceTree = "<group>";
		};
		57E2A2581DB5FB530029E35D /* Products */ = {
			isa = PBXGroup;
			children = (
				57E2A2571DB5FB530029E35D /* KNBKit.app */,
				57E2A2731DB5FB530029E35D /* KNBKitTests.xctest */,
			);
			name = Products;
			sourceTree = "<group>";
		};
		57E2A2591DB5FB530029E35D /* KNBKit */ = {
			isa = PBXGroup;
			children = (
				57D2B1B21DBE017A00CF176D /* Source */,
				57E2A25D1DB5FB530029E35D /* AppDelegate.h */,
				57E2A25E1DB5FB530029E35D /* AppDelegate.m */,
				57E2A2601DB5FB530029E35D /* ViewController.h */,
				57E2A2611DB5FB530029E35D /* ViewController.m */,
				57E2A2631DB5FB530029E35D /* Main.storyboard */,
				57E2A2691DB5FB530029E35D /* Assets.xcassets */,
				57E2A26B1DB5FB530029E35D /* LaunchScreen.storyboard */,
				57E2A26E1DB5FB530029E35D /* Info.plist */,
				57E2A2661DB5FB530029E35D /* KNBKit.xcdatamodeld */,
				57E2A25A1DB5FB530029E35D /* Supporting Files */,
			);
			path = KNBKit;
			sourceTree = "<group>";
		};
		57E2A25A1DB5FB530029E35D /* Supporting Files */ = {
			isa = PBXGroup;
			children = (
				57E2A25B1DB5FB530029E35D /* main.m */,
				57D2B1C91DBE038F00CF176D /* KNBKit.pch */,
			);
			name = "Supporting Files";
			sourceTree = "<group>";
		};
		57E2A2761DB5FB540029E35D /* KNBKitTests */ = {
			isa = PBXGroup;
			children = (
				57E2A2771DB5FB540029E35D /* KNBKitTests.m */,
				57E2A2791DB5FB540029E35D /* Info.plist */,
			);
			path = KNBKitTests;
			sourceTree = "<group>";
		};
		BD1E891D670058756852FD5B /* Frameworks */ = {
			isa = PBXGroup;
			children = (
				79F1EF956CC0027794AF1CB9 /* libPods-KNBKit.a */,
				4552B77644A3C569AC6A21CB /* libPods-KNBKitTests.a */,
			);
			name = Frameworks;
			sourceTree = "<group>";
		};
/* End PBXGroup section */

/* Begin PBXNativeTarget section */
		57E2A2561DB5FB530029E35D /* KNBKit */ = {
			isa = PBXNativeTarget;
			buildConfigurationList = 57E2A27C1DB5FB540029E35D /* Build configuration list for PBXNativeTarget "KNBKit" */;
			buildPhases = (
				2472EDA4A6DF2CE2379A7D74 /* [CP] Check Pods Manifest.lock */,
				57E2A2531DB5FB530029E35D /* Sources */,
				57E2A2541DB5FB530029E35D /* Frameworks */,
				57E2A2551DB5FB530029E35D /* Resources */,
				D86D3AF42BBE5C3A12539B70 /* [CP] Embed Pods Frameworks */,
				88F313AAEEE875AB9CC3F491 /* [CP] Copy Pods Resources */,
			);
			buildRules = (
			);
			dependencies = (
			);
			name = KNBKit;
			productName = KNBKit;
			productReference = 57E2A2571DB5FB530029E35D /* KNBKit.app */;
			productType = "com.apple.product-type.application";
		};
		57E2A2721DB5FB530029E35D /* KNBKitTests */ = {
			isa = PBXNativeTarget;
			buildConfigurationList = 57E2A27F1DB5FB540029E35D /* Build configuration list for PBXNativeTarget "KNBKitTests" */;
			buildPhases = (
				8EC94D897B8DA73DDEEF3AB5 /* [CP] Check Pods Manifest.lock */,
				57E2A26F1DB5FB530029E35D /* Sources */,
				57E2A2701DB5FB530029E35D /* Frameworks */,
				57E2A2711DB5FB530029E35D /* Resources */,
				0DB45301E5977FC801A85913 /* [CP] Embed Pods Frameworks */,
				BB0ADA8FF42E2BECFDBD5BAC /* [CP] Copy Pods Resources */,
			);
			buildRules = (
			);
			dependencies = (
				57E2A2751DB5FB540029E35D /* PBXTargetDependency */,
			);
			name = KNBKitTests;
			productName = KNBKitTests;
			productReference = 57E2A2731DB5FB530029E35D /* KNBKitTests.xctest */;
			productType = "com.apple.product-type.bundle.unit-test";
		};
/* End PBXNativeTarget section */

/* Begin PBXProject section */
		57E2A24F1DB5FB530029E35D /* Project object */ = {
			isa = PBXProject;
			attributes = {
				LastUpgradeCheck = 0800;
				ORGANIZATIONNAME = Robert;
				TargetAttributes = {
					57E2A2561DB5FB530029E35D = {
						CreatedOnToolsVersion = 8.0;
						DevelopmentTeam = X634X4Y33S;
						ProvisioningStyle = Automatic;
					};
					57E2A2721DB5FB530029E35D = {
						CreatedOnToolsVersion = 8.0;
						DevelopmentTeam = X634X4Y33S;
						ProvisioningStyle = Automatic;
						TestTargetID = 57E2A2561DB5FB530029E35D;
					};
				};
			};
			buildConfigurationList = 57E2A2521DB5FB530029E35D /* Build configuration list for PBXProject "KNBKit" */;
			compatibilityVersion = "Xcode 3.2";
			developmentRegion = English;
			hasScannedForEncodings = 0;
			knownRegions = (
				en,
				Base,
			);
			mainGroup = 57E2A24E1DB5FB530029E35D;
			productRefGroup = 57E2A2581DB5FB530029E35D /* Products */;
			projectDirPath = "";
			projectRoot = "";
			targets = (
				57E2A2561DB5FB530029E35D /* KNBKit */,
				57E2A2721DB5FB530029E35D /* KNBKitTests */,
			);
		};
/* End PBXProject section */

/* Begin PBXResourcesBuildPhase section */
		57E2A2551DB5FB530029E35D /* Resources */ = {
			isa = PBXResourcesBuildPhase;
			buildActionMask = 2147483647;
			files = (
				57E2A26D1DB5FB530029E35D /* LaunchScreen.storyboard in Resources */,
				57E2A26A1DB5FB530029E35D /* Assets.xcassets in Resources */,
				57E2A2651DB5FB530029E35D /* Main.storyboard in Resources */,
			);
			runOnlyForDeploymentPostprocessing = 0;
		};
		57E2A2711DB5FB530029E35D /* Resources */ = {
			isa = PBXResourcesBuildPhase;
			buildActionMask = 2147483647;
			files = (
			);
			runOnlyForDeploymentPostprocessing = 0;
		};
/* End PBXResourcesBuildPhase section */

/* Begin PBXShellScriptBuildPhase section */
		0DB45301E5977FC801A85913 /* [CP] Embed Pods Frameworks */ = {
			isa = PBXShellScriptBuildPhase;
			buildActionMask = 2147483647;
			files = (
			);
			inputPaths = (
			);
			name = "[CP] Embed Pods Frameworks";
			outputPaths = (
			);
			runOnlyForDeploymentPostprocessing = 0;
			shellPath = /bin/sh;
			shellScript = "\"${SRCROOT}/Pods/Target Support Files/Pods-KNBKitTests/Pods-KNBKitTests-frameworks.sh\"\n";
			showEnvVarsInLog = 0;
		};
		2472EDA4A6DF2CE2379A7D74 /* [CP] Check Pods Manifest.lock */ = {
			isa = PBXShellScriptBuildPhase;
			buildActionMask = 2147483647;
			files = (
			);
			inputPaths = (
			);
			name = "[CP] Check Pods Manifest.lock";
			outputPaths = (
			);
			runOnlyForDeploymentPostprocessing = 0;
			shellPath = /bin/sh;
			shellScript = "diff \"${PODS_ROOT}/../Podfile.lock\" \"${PODS_ROOT}/Manifest.lock\" > /dev/null\nif [ $? != 0 ] ; then\n    # print error to STDERR\n    echo \"error: The sandbox is not in sync with the Podfile.lock. Run 'pod install' or update your CocoaPods installation.\" >&2\n    exit 1\nfi\n";
			showEnvVarsInLog = 0;
		};
		88F313AAEEE875AB9CC3F491 /* [CP] Copy Pods Resources */ = {
			isa = PBXShellScriptBuildPhase;
			buildActionMask = 2147483647;
			files = (
			);
			inputPaths = (
			);
			name = "[CP] Copy Pods Resources";
			outputPaths = (
			);
			runOnlyForDeploymentPostprocessing = 0;
			shellPath = /bin/sh;
			shellScript = "\"${SRCROOT}/Pods/Target Support Files/Pods-KNBKit/Pods-KNBKit-resources.sh\"\n";
			showEnvVarsInLog = 0;
		};
		8EC94D897B8DA73DDEEF3AB5 /* [CP] Check Pods Manifest.lock */ = {
			isa = PBXShellScriptBuildPhase;
			buildActionMask = 2147483647;
			files = (
			);
			inputPaths = (
			);
			name = "[CP] Check Pods Manifest.lock";
			outputPaths = (
			);
			runOnlyForDeploymentPostprocessing = 0;
			shellPath = /bin/sh;
			shellScript = "diff \"${PODS_ROOT}/../Podfile.lock\" \"${PODS_ROOT}/Manifest.lock\" > /dev/null\nif [ $? != 0 ] ; then\n    # print error to STDERR\n    echo \"error: The sandbox is not in sync with the Podfile.lock. Run 'pod install' or update your CocoaPods installation.\" >&2\n    exit 1\nfi\n";
			showEnvVarsInLog = 0;
		};
		BB0ADA8FF42E2BECFDBD5BAC /* [CP] Copy Pods Resources */ = {
			isa = PBXShellScriptBuildPhase;
			buildActionMask = 2147483647;
			files = (
			);
			inputPaths = (
			);
			name = "[CP] Copy Pods Resources";
			outputPaths = (
			);
			runOnlyForDeploymentPostprocessing = 0;
			shellPath = /bin/sh;
			shellScript = "\"${SRCROOT}/Pods/Target Support Files/Pods-KNBKitTests/Pods-KNBKitTests-resources.sh\"\n";
			showEnvVarsInLog = 0;
		};
		D86D3AF42BBE5C3A12539B70 /* [CP] Embed Pods Frameworks */ = {
			isa = PBXShellScriptBuildPhase;
			buildActionMask = 2147483647;
			files = (
			);
			inputPaths = (
			);
			name = "[CP] Embed Pods Frameworks";
			outputPaths = (
			);
			runOnlyForDeploymentPostprocessing = 0;
			shellPath = /bin/sh;
			shellScript = "\"${SRCROOT}/Pods/Target Support Files/Pods-KNBKit/Pods-KNBKit-frameworks.sh\"\n";
			showEnvVarsInLog = 0;
		};
/* End PBXShellScriptBuildPhase section */

/* Begin PBXSourcesBuildPhase section */
		57E2A2531DB5FB530029E35D /* Sources */ = {
			isa = PBXSourcesBuildPhase;
			buildActionMask = 2147483647;
			files = (
				57D2B1BD1DBE018C00CF176D /* KNBBaseRequest.m in Sources */,
				57E2A2621DB5FB530029E35D /* ViewController.m in Sources */,
				57D2B2221DBE051D00CF176D /* UIImage+WaterMark.m in Sources */,
				57D2B2281DBE051D00CF176D /* UIView+Frame.m in Sources */,
				57D2B2211DBE051D00CF176D /* UIImage+VideoPreview.m in Sources */,
				57E2A25F1DB5FB530029E35D /* AppDelegate.m in Sources */,
				57E2A2681DB5FB530029E35D /* KNBKit.xcdatamodeld in Sources */,
				57D2B2171DBE051C00CF176D /* NSTimer+EOCBlocksSupport.m in Sources */,
				57D2B1BC1DBE018C00CF176D /* KNBBaseModel.m in Sources */,
				57D2B1BE1DBE018C00CF176D /* KNBBaseRequestAccessory.m in Sources */,
				57D2B2181DBE051C00CF176D /* NSURL+Video.m in Sources */,
				57D2B2261DBE051D00CF176D /* UINavigationController+StackManager.m in Sources */,
				57D2B2251DBE051D00CF176D /* UILabel+AutoSize.m in Sources */,
				57D2B2111DBE051C00CF176D /* NSDate+BTAddition.m in Sources */,
				57D2B21C1DBE051D00CF176D /* UIColor+Hex.m in Sources */,
				57D2B2201DBE051D00CF176D /* UIImage+RoundedCorner.m in Sources */,
				57D2B2191DBE051C00CF176D /* UIButton+ArrayButton.m in Sources */,
				57D2B2271DBE051D00CF176D /* UITextField+Shake.m in Sources */,
				57D2B1D21DBE04CC00CF176D /* EXTRuntimeExtensions.m in Sources */,
				57D2B2151DBE051C00CF176D /* NSString+Size.m in Sources */,
				57D2B21E1DBE051D00CF176D /* UIImage+Alpha.m in Sources */,
				57D2B2121DBE051C00CF176D /* NSString+Contain.m in Sources */,
				57D2B21B1DBE051C00CF176D /* UIButton+Indicator.m in Sources */,
				57D2B1D31DBE04CC00CF176D /* MTLManagedObjectAdapter.m in Sources */,
				57D2B2231DBE051D00CF176D /* UIImageView+Addition.m in Sources */,
				57E2A25C1DB5FB530029E35D /* main.m in Sources */,
				57D2B2131DBE051C00CF176D /* NSString+Empty.m in Sources */,
				57D2B2141DBE051C00CF176D /* NSString+MD5.m in Sources */,
				57D2B2241DBE051D00CF176D /* UIImageView+FaceAwareFill.m in Sources */,
				57D2B1C61DBE026000CF176D /* KNBUserInfo.m in Sources */,
				57D2B21D1DBE051D00CF176D /* UIColor+KNColor.m in Sources */,
				57D2B1BF1DBE018C00CF176D /* KNBBaseViewController.m in Sources */,
				57D2B21F1DBE051D00CF176D /* UIImage+Resize.m in Sources */,
				57D2B2161DBE051C00CF176D /* NSString+Trim.m in Sources */,
				57D2B21A1DBE051C00CF176D /* UIButton+CountDown.m in Sources */,
			);
			runOnlyForDeploymentPostprocessing = 0;
		};
		57E2A26F1DB5FB530029E35D /* Sources */ = {
			isa = PBXSourcesBuildPhase;
			buildActionMask = 2147483647;
			files = (
				57E2A2781DB5FB540029E35D /* KNBKitTests.m in Sources */,
			);
			runOnlyForDeploymentPostprocessing = 0;
		};
/* End PBXSourcesBuildPhase section */

/* Begin PBXTargetDependency section */
		57E2A2751DB5FB540029E35D /* PBXTargetDependency */ = {
			isa = PBXTargetDependency;
			target = 57E2A2561DB5FB530029E35D /* KNBKit */;
			targetProxy = 57E2A2741DB5FB540029E35D /* PBXContainerItemProxy */;
		};
/* End PBXTargetDependency section */

/* Begin PBXVariantGroup section */
		57E2A2631DB5FB530029E35D /* Main.storyboard */ = {
			isa = PBXVariantGroup;
			children = (
				57E2A2641DB5FB530029E35D /* Base */,
			);
			name = Main.storyboard;
			sourceTree = "<group>";
		};
		57E2A26B1DB5FB530029E35D /* LaunchScreen.storyboard */ = {
			isa = PBXVariantGroup;
			children = (
				57E2A26C1DB5FB530029E35D /* Base */,
			);
			name = LaunchScreen.storyboard;
			sourceTree = "<group>";
		};
/* End PBXVariantGroup section */

/* Begin XCBuildConfiguration section */
		57E2A27A1DB5FB540029E35D /* Debug */ = {
			isa = XCBuildConfiguration;
			buildSettings = {
				ALWAYS_SEARCH_USER_PATHS = NO;
				CLANG_ANALYZER_NONNULL = YES;
				CLANG_CXX_LANGUAGE_STANDARD = "gnu++0x";
				CLANG_CXX_LIBRARY = "libc++";
				CLANG_ENABLE_MODULES = YES;
				CLANG_ENABLE_OBJC_ARC = YES;
				CLANG_WARN_BOOL_CONVERSION = YES;
				CLANG_WARN_CONSTANT_CONVERSION = YES;
				CLANG_WARN_DIRECT_OBJC_ISA_USAGE = YES_ERROR;
				CLANG_WARN_DOCUMENTATION_COMMENTS = YES;
				CLANG_WARN_EMPTY_BODY = YES;
				CLANG_WARN_ENUM_CONVERSION = YES;
				CLANG_WARN_INFINITE_RECURSION = YES;
				CLANG_WARN_INT_CONVERSION = YES;
				CLANG_WARN_OBJC_ROOT_CLASS = YES_ERROR;
				CLANG_WARN_SUSPICIOUS_MOVES = YES;
				CLANG_WARN_UNREACHABLE_CODE = YES;
				CLANG_WARN__DUPLICATE_METHOD_MATCH = YES;
				"CODE_SIGN_IDENTITY[sdk=iphoneos*]" = "iPhone Developer";
				COPY_PHASE_STRIP = NO;
				DEBUG_INFORMATION_FORMAT = dwarf;
				ENABLE_STRICT_OBJC_MSGSEND = YES;
				ENABLE_TESTABILITY = YES;
				GCC_C_LANGUAGE_STANDARD = gnu99;
				GCC_DYNAMIC_NO_PIC = NO;
				GCC_NO_COMMON_BLOCKS = YES;
				GCC_OPTIMIZATION_LEVEL = 0;
				GCC_PREPROCESSOR_DEFINITIONS = (
					"DEBUG=1",
					"$(inherited)",
				);
				GCC_WARN_64_TO_32_BIT_CONVERSION = YES;
				GCC_WARN_ABOUT_RETURN_TYPE = YES_ERROR;
				GCC_WARN_UNDECLARED_SELECTOR = YES;
				GCC_WARN_UNINITIALIZED_AUTOS = YES_AGGRESSIVE;
				GCC_WARN_UNUSED_FUNCTION = YES;
				GCC_WARN_UNUSED_VARIABLE = YES;
				IPHONEOS_DEPLOYMENT_TARGET = 10.0;
				MTL_ENABLE_DEBUG_INFO = YES;
				ONLY_ACTIVE_ARCH = YES;
				SDKROOT = iphoneos;
			};
			name = Debug;
		};
		57E2A27B1DB5FB540029E35D /* Release */ = {
			isa = XCBuildConfiguration;
			buildSettings = {
				ALWAYS_SEARCH_USER_PATHS = NO;
				CLANG_ANALYZER_NONNULL = YES;
				CLANG_CXX_LANGUAGE_STANDARD = "gnu++0x";
				CLANG_CXX_LIBRARY = "libc++";
				CLANG_ENABLE_MODULES = YES;
				CLANG_ENABLE_OBJC_ARC = YES;
				CLANG_WARN_BOOL_CONVERSION = YES;
				CLANG_WARN_CONSTANT_CONVERSION = YES;
				CLANG_WARN_DIRECT_OBJC_ISA_USAGE = YES_ERROR;
				CLANG_WARN_DOCUMENTATION_COMMENTS = YES;
				CLANG_WARN_EMPTY_BODY = YES;
				CLANG_WARN_ENUM_CONVERSION = YES;
				CLANG_WARN_INFINITE_RECURSION = YES;
				CLANG_WARN_INT_CONVERSION = YES;
				CLANG_WARN_OBJC_ROOT_CLASS = YES_ERROR;
				CLANG_WARN_SUSPICIOUS_MOVES = YES;
				CLANG_WARN_UNREACHABLE_CODE = YES;
				CLANG_WARN__DUPLICATE_METHOD_MATCH = YES;
				"CODE_SIGN_IDENTITY[sdk=iphoneos*]" = "iPhone Developer";
				COPY_PHASE_STRIP = NO;
				DEBUG_INFORMATION_FORMAT = "dwarf-with-dsym";
				ENABLE_NS_ASSERTIONS = NO;
				ENABLE_STRICT_OBJC_MSGSEND = YES;
				GCC_C_LANGUAGE_STANDARD = gnu99;
				GCC_NO_COMMON_BLOCKS = YES;
				GCC_WARN_64_TO_32_BIT_CONVERSION = YES;
				GCC_WARN_ABOUT_RETURN_TYPE = YES_ERROR;
				GCC_WARN_UNDECLARED_SELECTOR = YES;
				GCC_WARN_UNINITIALIZED_AUTOS = YES_AGGRESSIVE;
				GCC_WARN_UNUSED_FUNCTION = YES;
				GCC_WARN_UNUSED_VARIABLE = YES;
				IPHONEOS_DEPLOYMENT_TARGET = 10.0;
				MTL_ENABLE_DEBUG_INFO = NO;
				SDKROOT = iphoneos;
				VALIDATE_PRODUCT = YES;
			};
			name = Release;
		};
		57E2A27D1DB5FB540029E35D /* Debug */ = {
			isa = XCBuildConfiguration;
			baseConfigurationReference = 2E808D3838F1F8C20FF8B957 /* Pods-KNBKit.debug.xcconfig */;
			buildSettings = {
				ASSETCATALOG_COMPILER_APPICON_NAME = AppIcon;
				DEVELOPMENT_TEAM = X634X4Y33S;
				GCC_INCREASE_PRECOMPILED_HEADER_SHARING = NO;
				GCC_PRECOMPILE_PREFIX_HEADER = NO;
				GCC_PREFIX_HEADER = KNBKit/KNBKit.pch;
				INFOPLIST_FILE = KNBKit/Info.plist;
				LD_RUNPATH_SEARCH_PATHS = "$(inherited) @executable_path/Frameworks";
				PRODUCT_BUNDLE_IDENTIFIER = Dengyun.KNBKit;
				PRODUCT_NAME = "$(TARGET_NAME)";
			};
			name = Debug;
		};
		57E2A27E1DB5FB540029E35D /* Release */ = {
			isa = XCBuildConfiguration;
			baseConfigurationReference = 2E7CC231C914798DF9EBE674 /* Pods-KNBKit.release.xcconfig */;
			buildSettings = {
				ASSETCATALOG_COMPILER_APPICON_NAME = AppIcon;
				DEVELOPMENT_TEAM = X634X4Y33S;
				GCC_INCREASE_PRECOMPILED_HEADER_SHARING = NO;
				GCC_PRECOMPILE_PREFIX_HEADER = NO;
				GCC_PREFIX_HEADER = KNBKit/KNBKit.pch;
				INFOPLIST_FILE = KNBKit/Info.plist;
				LD_RUNPATH_SEARCH_PATHS = "$(inherited) @executable_path/Frameworks";
				PRODUCT_BUNDLE_IDENTIFIER = Dengyun.KNBKit;
				PRODUCT_NAME = "$(TARGET_NAME)";
			};
			name = Release;
		};
		57E2A2801DB5FB540029E35D /* Debug */ = {
			isa = XCBuildConfiguration;
			baseConfigurationReference = C406A4C7328AAB552B9FD43E /* Pods-KNBKitTests.debug.xcconfig */;
			buildSettings = {
				BUNDLE_LOADER = "$(TEST_HOST)";
				DEVELOPMENT_TEAM = X634X4Y33S;
				INFOPLIST_FILE = KNBKitTests/Info.plist;
				LD_RUNPATH_SEARCH_PATHS = "$(inherited) @executable_path/Frameworks @loader_path/Frameworks";
				PRODUCT_BUNDLE_IDENTIFIER = Dengyun.KNBKitTests;
				PRODUCT_NAME = "$(TARGET_NAME)";
				TEST_HOST = "$(BUILT_PRODUCTS_DIR)/KNBKit.app/KNBKit";
			};
			name = Debug;
		};
		57E2A2811DB5FB540029E35D /* Release */ = {
			isa = XCBuildConfiguration;
			baseConfigurationReference = 258FB59817FED034020B83E0 /* Pods-KNBKitTests.release.xcconfig */;
			buildSettings = {
				BUNDLE_LOADER = "$(TEST_HOST)";
				DEVELOPMENT_TEAM = X634X4Y33S;
				INFOPLIST_FILE = KNBKitTests/Info.plist;
				LD_RUNPATH_SEARCH_PATHS = "$(inherited) @executable_path/Frameworks @loader_path/Frameworks";
				PRODUCT_BUNDLE_IDENTIFIER = Dengyun.KNBKitTests;
				PRODUCT_NAME = "$(TARGET_NAME)";
				TEST_HOST = "$(BUILT_PRODUCTS_DIR)/KNBKit.app/KNBKit";
			};
			name = Release;
		};
/* End XCBuildConfiguration section */

/* Begin XCConfigurationList section */
		57E2A2521DB5FB530029E35D /* Build configuration list for PBXProject "KNBKit" */ = {
			isa = XCConfigurationList;
			buildConfigurations = (
				57E2A27A1DB5FB540029E35D /* Debug */,
				57E2A27B1DB5FB540029E35D /* Release */,
			);
			defaultConfigurationIsVisible = 0;
			defaultConfigurationName = Release;
		};
		57E2A27C1DB5FB540029E35D /* Build configuration list for PBXNativeTarget "KNBKit" */ = {
			isa = XCConfigurationList;
			buildConfigurations = (
				57E2A27D1DB5FB540029E35D /* Debug */,
				57E2A27E1DB5FB540029E35D /* Release */,
			);
			defaultConfigurationIsVisible = 0;
			defaultConfigurationName = Release;
		};
		57E2A27F1DB5FB540029E35D /* Build configuration list for PBXNativeTarget "KNBKitTests" */ = {
			isa = XCConfigurationList;
			buildConfigurations = (
				57E2A2801DB5FB540029E35D /* Debug */,
				57E2A2811DB5FB540029E35D /* Release */,
			);
			defaultConfigurationIsVisible = 0;
			defaultConfigurationName = Release;
		};
/* End XCConfigurationList section */

/* Begin XCVersionGroup section */
		57E2A2661DB5FB530029E35D /* KNBKit.xcdatamodeld */ = {
			isa = XCVersionGroup;
			children = (
				57E2A2671DB5FB530029E35D /* KNBKit.xcdatamodel */,
			);
			currentVersion = 57E2A2671DB5FB530029E35D /* KNBKit.xcdatamodel */;
			path = KNBKit.xcdatamodeld;
			sourceTree = "<group>";
			versionGroupType = wrapper.xcdatamodel;
		};
/* End XCVersionGroup section */
	};
	rootObject = 57E2A24F1DB5FB530029E35D /* Project object */;
}
